// !$*UTF8*$!
{
	archiveVersion = 1;
	classes = {
	};
	objectVersion = 50;
	objects = {

/* Begin PBXBuildFile section */
		A584F972243E54B400B2963B /* AppDelegate.swift in Sources */ = {isa = PBXBuildFile; fileRef = A584F971243E54B400B2963B /* AppDelegate.swift */; };
		A584F974243E54B400B2963B /* SceneDelegate.swift in Sources */ = {isa = PBXBuildFile; fileRef = A584F973243E54B400B2963B /* SceneDelegate.swift */; };
		A584F976243E54B400B2963B /* ContentView.swift in Sources */ = {isa = PBXBuildFile; fileRef = A584F975243E54B400B2963B /* ContentView.swift */; };
		A584F978243E54B500B2963B /* Assets.xcassets in Resources */ = {isa = PBXBuildFile; fileRef = A584F977243E54B500B2963B /* Assets.xcassets */; };
		A584F97B243E54B500B2963B /* Preview Assets.xcassets in Resources */ = {isa = PBXBuildFile; fileRef = A584F97A243E54B500B2963B /* Preview Assets.xcassets */; };
		A584F97E243E54B500B2963B /* LaunchScreen.storyboard in Resources */ = {isa = PBXBuildFile; fileRef = A584F97C243E54B500B2963B /* LaunchScreen.storyboard */; };
		A584F986243E737B00B2963B /* Data.swift in Sources */ = {isa = PBXBuildFile; fileRef = A584F985243E737B00B2963B /* Data.swift */; };
/* End PBXBuildFile section */

/* Begin PBXFileReference section */
		A584F96E243E54B400B2963B /* JSONParserApp.app */ = {isa = PBXFileReference; explicitFileType = wrapper.application; includeInIndex = 0; path = JSONParserApp.app; sourceTree = BUILT_PRODUCTS_DIR; };
		A584F971243E54B400B2963B /* AppDelegate.swift */ = {isa = PBXFileReference; lastKnownFileType = sourcecode.swift; path = AppDelegate.swift; sourceTree = "<group>"; };
		A584F973243E54B400B2963B /* SceneDelegate.swift */ = {isa = PBXFileReference; lastKnownFileType = sourcecode.swift; path = SceneDelegate.swift; sourceTree = "<group>"; };
		A584F975243E54B400B2963B /* ContentView.swift */ = {isa = PBXFileReference; lastKnownFileType = sourcecode.swift; path = ContentView.swift; sourceTree = "<group>"; };
		A584F977243E54B500B2963B /* Assets.xcassets */ = {isa = PBXFileReference; lastKnownFileType = folder.assetcatalog; path = Assets.xcassets; sourceTree = "<group>"; };
		A584F97A243E54B500B2963B /* Preview Assets.xcassets */ = {isa = PBXFileReference; lastKnownFileType = folder.assetcatalog; path = "Preview Assets.xcassets"; sourceTree = "<group>"; };
		A584F97D243E54B500B2963B /* Base */ = {isa = PBXFileReference; lastKnownFileType = file.storyboard; name = Base; path = Base.lproj/LaunchScreen.storyboard; sourceTree = "<group>"; };
		A584F97F243E54B500B2963B /* Info.plist */ = {isa = PBXFileReference; lastKnownFileType = text.plist.xml; path = Info.plist; sourceTree = "<group>"; };
		A584F985243E737B00B2963B /* Data.swift */ = {isa = PBXFileReference; lastKnownFileType = sourcecode.swift; path = Data.swift; sourceTree = "<group>"; };
/* End PBXFileReference section */

/* Begin PBXFrameworksBuildPhase section */
		A584F96B243E54B400B2963B /* Frameworks */ = {
			isa = PBXFrameworksBuildPhase;
			buildActionMask = 2147483647;
			files = (
			);
			runOnlyForDeploymentPostprocessing = 0;
		};
/* End PBXFrameworksBuildPhase section */

/* Begin PBXGroup section */
		A584F965243E54B400B2963B = {
			isa = PBXGroup;
			children = (
				A584F970243E54B400B2963B /* JSONParserApp */,
				A584F96F243E54B400B2963B /* Products */,
			);
			sourceTree = "<group>";
		};
		A584F96F243E54B400B2963B /* Products */ = {
			isa = PBXGroup;
			children = (
				A584F96E243E54B400B2963B /* JSONParserApp.app */,
			);
			name = Products;
			sourceTree = "<group>";
		};
		A584F970243E54B400B2963B /* JSONParserApp */ = {
			isa = PBXGroup;
			children = (
				A584F971243E54B400B2963B /* AppDelegate.swift */,
				A584F973243E54B400B2963B /* SceneDelegate.swift */,
				A584F975243E54B400B2963B /* ContentView.swift */,
				A584F985243E737B00B2963B /* Data.swift */,
				A584F977243E54B500B2963B /* Assets.xcassets */,
				A584F97C243E54B500B2963B /* LaunchScreen.storyboard */,
				A584F97F243E54B500B2963B /* Info.plist */,
				A584F979243E54B500B2963B /* Preview Content */,
			);
			path = JSONParserApp;
			sourceTree = "<group>";
		};
		A584F979243E54B500B2963B /* Preview Content */ = {
			isa = PBXGroup;
			children = (
				A584F97A243E54B500B2963B /* Preview Assets.xcassets */,
			);
			path = "Preview Content";
			sourceTree = "<group>";
		};
/* End PBXGroup section */

/* Begin PBXNativeTarget section */
		A584F96D243E54B400B2963B /* JSONParserApp */ = {
			isa = PBXNativeTarget;
			buildConfigurationList = A584F982243E54B500B2963B /* Build configuration list for PBXNativeTarget "JSONParserApp" */;
			buildPhases = (
				A584F96A243E54B400B2963B /* Sources */,
				A584F96B243E54B400B2963B /* Frameworks */,
				A584F96C243E54B400B2963B /* Resources */,
			);
			buildRules = (
			);
			dependencies = (
			);
			name = JSONParserApp;
			productName = JSONParserApp;
			productReference = A584F96E243E54B400B2963B /* JSONParserApp.app */;
			productType = "com.apple.product-type.application";
		};
/* End PBXNativeTarget section */

/* Begin PBXProject section */
		A584F966243E54B400B2963B /* Project object */ = {
			isa = PBXProject;
			attributes = {
				LastSwiftUpdateCheck = 1140;
				LastUpgradeCheck = 1140;
				ORGANIZATIONNAME = Gamez;
				TargetAttributes = {
					A584F96D243E54B400B2963B = {
						CreatedOnToolsVersion = 11.4;
					};
				};
			};
			buildConfigurationList = A584F969243E54B400B2963B /* Build configuration list for PBXProject "JSONParserApp" */;
			compatibilityVersion = "Xcode 9.3";
			developmentRegion = en;
			hasScannedForEncodings = 0;
			knownRegions = (
				en,
				Base,
			);
			mainGroup = A584F965243E54B400B2963B;
			productRefGroup = A584F96F243E54B400B2963B /* Products */;
			projectDirPath = "";
			projectRoot = "";
			targets = (
				A584F96D243E54B400B2963B /* JSONParserApp */,
			);
		};
/* End PBXProject section */

/* Begin PBXResourcesBuildPhase section */
		A584F96C243E54B400B2963B /* Resources */ = {
			isa = PBXResourcesBuildPhase;
			buildActionMask = 2147483647;
			files = (
				A584F97E243E54B500B2963B /* LaunchScreen.storyboard in Resources */,
				A584F97B243E54B500B2963B /* Preview Assets.xcassets in Resources */,
				A584F978243E54B500B2963B /* Assets.xcassets in Resources */,
			);
			runOnlyForDeploymentPostprocessing = 0;
		};
/* End PBXResourcesBuildPhase section */

/* Begin PBXSourcesBuildPhase section */
		A584F96A243E54B400B2963B /* Sources */ = {
			isa = PBXSourcesBuildPhase;
			buildActionMask = 2147483647;
			files = (
				A584F972243E54B400B2963B /* AppDelegate.swift in Sources */,
				A584F974243E54B400B2963B /* SceneDelegate.swift in Sources */,
				A584F976243E54B400B2963B /* ContentView.swift in Sources */,
				A584F986243E737B00B2963B /* Data.swift in Sources */,
			);
			runOnlyForDeploymentPostprocessing = 0;
		};
/* End PBXSourcesBuildPhase section */

/* Begin PBXVariantGroup section */
		A584F97C243E54B500B2963B /* LaunchScreen.storyboard */ = {
			isa = PBXVariantGroup;
			children = (
				A584F97D243E54B500B2963B /* Base */,
			);
			name = LaunchScreen.storyboard;
			sourceTree = "<group>";
		};
/* End PBXVariantGroup section */

/* Begin XCBuildConfiguration section */
		A584F980243E54B500B2963B /* Debug */ = {
			isa = XCBuildConfiguration;
			buildSettings = {
				ALWAYS_SEARCH_USER_PATHS = NO;
				CLANG_ANALYZER_NONNULL = YES;
				CLANG_ANALYZER_NUMBER_OBJECT_CONVERSION = YES_AGGRESSIVE;
				CLANG_CXX_LANGUAGE_STANDARD = "gnu++14";
				CLANG_CXX_LIBRARY = "libc++";
				CLANG_ENABLE_MODULES = YES;
				CLANG_ENABLE_OBJC_ARC = YES;
				CLANG_ENABLE_OBJC_WEAK = YES;
				CLANG_WARN_BLOCK_CAPTURE_AUTORELEASING = YES;
				CLANG_WARN_BOOL_CONVERSION = YES;
				CLANG_WARN_COMMA = YES;
				CLANG_WARN_CONSTANT_CONVERSION = YES;
				CLANG_WARN_DEPRECATED_OBJC_IMPLEMENTATIONS = YES;
				CLANG_WARN_DIRECT_OBJC_ISA_USAGE = YES_ERROR;
				CLANG_WARN_DOCUMENTATION_COMMENTS = YES;
				CLANG_WARN_EMPTY_BODY = YES;
				CLANG_WARN_ENUM_CONVERSION = YES;
				CLANG_WARN_INFINITE_RECURSION = YES;
				CLANG_WARN_INT_CONVERSION = YES;
				CLANG_WARN_NON_LITERAL_NULL_CONVERSION = YES;
				CLANG_WARN_OBJC_IMPLICIT_RETAIN_SELF = YES;
				CLANG_WARN_OBJC_LITERAL_CONVERSION = YES;
				CLANG_WARN_OBJC_ROOT_CLASS = YES_ERROR;
				CLANG_WARN_RANGE_LOOP_ANALYSIS = YES;
				CLANG_WARN_STRICT_PROTOTYPES = YES;
				CLANG_WARN_SUSPICIOUS_MOVE = YES;
				CLANG_WARN_UNGUARDED_AVAILABILITY = YES_AGGRESSIVE;
				CLANG_WARN_UNREACHABLE_CODE = YES;
				CLANG_WARN__DUPLICATE_METHOD_MATCH = YES;
				COPY_PHASE_STRIP = NO;
				DEBUG_INFORMATION_FORMAT = dwarf;
				ENABLE_STRICT_OBJC_MSGSEND = YES;
				ENABLE_TESTABILITY = YES;
				GCC_C_LANGUAGE_STANDARD = gnu11;
				GCC_DYNAMIC_NO_PIC = NO;
				GCC_NO_COMMON_BLOCKS = YES;
				GCC_OPTIMIZATION_LEVEL = 0;
				GCC_PREPROCESSOR_DEFINITIONS = (
					"DEBUG=1",
					"$(inherited)",
				);
				GCC_WARN_64_TO_32_BIT_CONVERSION = YES;
				GCC_WARN_ABOUT_RETURN_TYPE = YES_ERROR;
				GCC_WARN_UNDECLARED_SELECTOR = YES;
				GCC_WARN_UNINITIALIZED_AUTOS = YES_AGGRESSIVE;
				GCC_WARN_UNUSED_FUNCTION = YES;
				GCC_WARN_UNUSED_VARIABLE = YES;
				IPHONEOS_DEPLOYMENT_TARGET = 13.4;
				MTL_ENABLE_DEBUG_INFO = INCLUDE_SOURCE;
				MTL_FAST_MATH = YES;
				ONLY_ACTIVE_ARCH = YES;
				SDKROOT = iphoneos;
				SWIFT_ACTIVE_COMPILATION_CONDITIONS = DEBUG;
				SWIFT_OPTIMIZATION_LEVEL = "-Onone";
			};
			name = Debug;
		};
		A584F981243E54B500B2963B /* Release */ = {
			isa = XCBuildConfiguration;
			buildSettings = {
				ALWAYS_SEARCH_USER_PATHS = NO;
				CLANG_ANALYZER_NONNULL = YES;
				CLANG_ANALYZER_NUMBER_OBJECT_CONVERSION = YES_AGGRESSIVE;
				CLANG_CXX_LANGUAGE_STANDARD = "gnu++14";
				CLANG_CXX_LIBRARY = "libc++";
				CLANG_ENABLE_MODULES = YES;
				CLANG_ENABLE_OBJC_ARC = YES;
				CLANG_ENABLE_OBJC_WEAK = YES;
				CLANG_WARN_BLOCK_CAPTURE_AUTORELEASING = YES;
				CLANG_WARN_BOOL_CONVERSION = YES;
				CLANG_WARN_COMMA = YES;
				CLANG_WARN_CONSTANT_CONVERSION = YES;
				CLANG_WARN_DEPRECATED_OBJC_IMPLEMENTATIONS = YES;
				CLANG_WARN_DIRECT_OBJC_ISA_USAGE = YES_ERROR;
				CLANG_WARN_DOCUMENTATION_COMMENTS = YES;
				CLANG_WARN_EMPTY_BODY = YES;
				CLANG_WARN_ENUM_CONVERSION = YES;
				CLANG_WARN_INFINITE_RECURSION = YES;
				CLANG_WARN_INT_CONVERSION = YES;
				CLANG_WARN_NON_LITERAL_NULL_CONVERSION = YES;
				CLANG_WARN_OBJC_IMPLICIT_RETAIN_SELF = YES;
				CLANG_WARN_OBJC_LITERAL_CONVERSION = YES;
				CLANG_WARN_OBJC_ROOT_CLASS = YES_ERROR;
				CLANG_WARN_RANGE_LOOP_ANALYSIS = YES;
				CLANG_WARN_STRICT_PROTOTYPES = YES;
				CLANG_WARN_SUSPICIOUS_MOVE = YES;
				CLANG_WARN_UNGUARDED_AVAILABILITY = YES_AGGRESSIVE;
				CLANG_WARN_UNREACHABLE_CODE = YES;
				CLANG_WARN__DUPLICATE_METHOD_MATCH = YES;
				COPY_PHASE_STRIP = NO;
				DEBUG_INFORMATION_FORMAT = "dwarf-with-dsym";
				ENABLE_NS_ASSERTIONS = NO;
				ENABLE_STRICT_OBJC_MSGSEND = YES;
				GCC_C_LANGUAGE_STANDARD = gnu11;
				GCC_NO_COMMON_BLOCKS = YES;
				GCC_WARN_64_TO_32_BIT_CONVERSION = YES;
				GCC_WARN_ABOUT_RETURN_TYPE = YES_ERROR;
				GCC_WARN_UNDECLARED_SELECTOR = YES;
				GCC_WARN_UNINITIALIZED_AUTOS = YES_AGGRESSIVE;
				GCC_WARN_UNUSED_FUNCTION = YES;
				GCC_WARN_UNUSED_VARIABLE = YES;
				IPHONEOS_DEPLOYMENT_TARGET = 13.4;
				MTL_ENABLE_DEBUG_INFO = NO;
				MTL_FAST_MATH = YES;
				SDKROOT = iphoneos;
				SWIFT_COMPILATION_MODE = wholemodule;
				SWIFT_OPTIMIZATION_LEVEL = "-O";
				VALIDATE_PRODUCT = YES;
			};
			name = Release;
		};
		A584F983243E54B500B2963B /* Debug */ = {
			isa = XCBuildConfiguration;
			buildSettings = {
				ASSETCATALOG_COMPILER_APPICON_NAME = AppIcon;
				CODE_SIGN_STYLE = Automatic;
				DEVELOPMENT_ASSET_PATHS = "\"JSONParserApp/Preview Content\"";
				DEVELOPMENT_TEAM = 93U324KK55;
				ENABLE_PREVIEWS = YES;
				INFOPLIST_FILE = JSONParserApp/Info.plist;
				LD_RUNPATH_SEARCH_PATHS = (
					"$(inherited)",
					"@executable_path/Frameworks",
				);
				PRODUCT_BUNDLE_IDENTIFIER = "dev.gonzalo-gamez.JSONParserApp";
				PRODUCT_NAME = "$(TARGET_NAME)";
				SWIFT_VERSION = 5.0;
				TARGETED_DEVICE_FAMILY = "1,2";
			};
			name = Debug;
		};
		A584F984243E54B500B2963B /* Release */ = {
			isa = XCBuildConfiguration;
			buildSettings = {
				ASSETCATALOG_COMPILER_APPICON_NAME = AppIcon;
				CODE_SIGN_STYLE = Automatic;
				DEVELOPMENT_ASSET_PATHS = "\"JSONParserApp/Preview Content\"";
				DEVELOPMENT_TEAM = 93U324KK55;
				ENABLE_PREVIEWS = YES;
				INFOPLIST_FILE = JSONParserApp/Info.plist;
				LD_RUNPATH_SEARCH_PATHS = (
					"$(inherited)",
					"@executable_path/Frameworks",
				);
				PRODUCT_BUNDLE_IDENTIFIER = "dev.gonzalo-gamez.JSONParserApp";
				PRODUCT_NAME = "$(TARGET_NAME)";
				SWIFT_VERSION = 5.0;
				TARGETED_DEVICE_FAMILY = "1,2";
			};
			name = Release;
		};
/* End XCBuildConfiguration section */

/* Begin XCConfigurationList section */
		A584F969243E54B400B2963B /* Build configuration list for PBXProject "JSONParserApp" */ = {
			isa = XCConfigurationList;
			buildConfigurations = (
				A584F980243E54B500B2963B /* Debug */,
				A584F981243E54B500B2963B /* Release */,
			);
			defaultConfigurationIsVisible = 0;
			defaultConfigurationName = Release;
		};
		A584F982243E54B500B2963B /* Build configuration list for PBXNativeTarget "JSONParserApp" */ = {
			isa = XCConfigurationList;
			buildConfigurations = (
				A584F983243E54B500B2963B /* Debug */,
				A584F984243E54B500B2963B /* Release */,
			);
			defaultConfigurationIsVisible = 0;
			defaultConfigurationName = Release;
		};
/* End XCConfigurationList section */
	};
	rootObject = A584F966243E54B400B2963B /* Project object */;
}
